
Microsoft Visual Studio Solution File, Format Version 12.00
# Visual Studio Version 17
VisualStudioVersion = 17.5.002.0
MinimumVisualStudioVersion = 10.0.40219.1
Project("{9A19103F-16F7-4668-BE54-9A1E7A4F7556}") = "CortexExample", "CortexExample.csproj", "{62C978A6-5A68-408C-A3CF-6451FE593AD7}"
EndProject
Global
	GlobalSection(SolutionConfigurationPlatforms) = preSolution
		Debug|Any CPU = Debug|Any CPU
		Release|Any CPU = Release|Any CPU
	EndGlobalSection
	GlobalSection(ProjectConfigurationPlatforms) = postSolution
		{62C978A6-5A68-408C-A3CF-6451FE593AD7}.Debug|Any CPU.ActiveCfg = Debug|Any CPU
		{62C978A6-5A68-408C-A3CF-6451FE593AD7}.Debug|Any CPU.Build.0 = Debug|Any CPU
		{62C978A6-5A68-408C-A3CF-6451FE593AD7}.Release|Any CPU.ActiveCfg = Release|Any CPU
		{62C978A6-5A68-408C-A3CF-6451FE593AD7}.Release|Any CPU.Build.0 = Release|Any CPU
	EndGlobalSection
	GlobalSection(SolutionProperties) = preSolution
		HideSolutionNode = FALSE
	EndGlobalSection
	GlobalSection(ExtensibilityGlobals) = postSolution
		SolutionGuid = {D2307459-3F76-467E-9019-C3C9DE978E82}
	EndGlobalSection
EndGlobal
